// !$*UTF8*$!
{
	archiveVersion = 1;
	classes = {
	};
	objectVersion = 55;
	objects = {

/* Begin PBXBuildFile section */
		D6B163972AA92E4C00E47B88 /* LaunchScreen.storyboard in Resources */ = {isa = PBXBuildFile; fileRef = D6B163962AA92E4C00E47B88 /* LaunchScreen.storyboard */; };
		D6D902832AA729C200BE2BB0 /* SwiftUISelectionBoxApp.swift in Sources */ = {isa = PBXBuildFile; fileRef = D6D902822AA729C200BE2BB0 /* SwiftUISelectionBoxApp.swift */; };
		D6D902852AA729C200BE2BB0 /* ContentView.swift in Sources */ = {isa = PBXBuildFile; fileRef = D6D902842AA729C200BE2BB0 /* ContentView.swift */; };
		D6D902872AA729C400BE2BB0 /* Assets.xcassets in Resources */ = {isa = PBXBuildFile; fileRef = D6D902862AA729C400BE2BB0 /* Assets.xcassets */; };
		D6D9028A2AA729C400BE2BB0 /* Preview Assets.xcassets in Resources */ = {isa = PBXBuildFile; fileRef = D6D902892AA729C400BE2BB0 /* Preview Assets.xcassets */; };
		D6D902942AA729C400BE2BB0 /* SwiftUISelectionBoxTests.swift in Sources */ = {isa = PBXBuildFile; fileRef = D6D902932AA729C400BE2BB0 /* SwiftUISelectionBoxTests.swift */; };
		D6D9029E2AA729C400BE2BB0 /* SwiftUISelectionBoxUITests.swift in Sources */ = {isa = PBXBuildFile; fileRef = D6D9029D2AA729C400BE2BB0 /* SwiftUISelectionBoxUITests.swift */; };
		D6D902A02AA729C400BE2BB0 /* SwiftUISelectionBoxUITestsLaunchTests.swift in Sources */ = {isa = PBXBuildFile; fileRef = D6D9029F2AA729C400BE2BB0 /* SwiftUISelectionBoxUITestsLaunchTests.swift */; };
/* End PBXBuildFile section */

/* Begin PBXContainerItemProxy section */
		D6D902902AA729C400BE2BB0 /* PBXContainerItemProxy */ = {
			isa = PBXContainerItemProxy;
			containerPortal = D6D902772AA729C200BE2BB0 /* Project object */;
			proxyType = 1;
			remoteGlobalIDString = D6D9027E2AA729C200BE2BB0;
			remoteInfo = SwiftUISelectionBox;
		};
		D6D9029A2AA729C400BE2BB0 /* PBXContainerItemProxy */ = {
			isa = PBXContainerItemProxy;
			containerPortal = D6D902772AA729C200BE2BB0 /* Project object */;
			proxyType = 1;
			remoteGlobalIDString = D6D9027E2AA729C200BE2BB0;
			remoteInfo = SwiftUISelectionBox;
		};
/* End PBXContainerItemProxy section */

/* Begin PBXFileReference section */
		D6B163962AA92E4C00E47B88 /* LaunchScreen.storyboard */ = {isa = PBXFileReference; lastKnownFileType = file.storyboard; path = LaunchScreen.storyboard; sourceTree = "<group>"; };
		D6D9027F2AA729C200BE2BB0 /* SwiftUISelectionBox.app */ = {isa = PBXFileReference; explicitFileType = wrapper.application; includeInIndex = 0; path = SwiftUISelectionBox.app; sourceTree = BUILT_PRODUCTS_DIR; };
		D6D902822AA729C200BE2BB0 /* SwiftUISelectionBoxApp.swift */ = {isa = PBXFileReference; lastKnownFileType = sourcecode.swift; path = SwiftUISelectionBoxApp.swift; sourceTree = "<group>"; };
		D6D902842AA729C200BE2BB0 /* ContentView.swift */ = {isa = PBXFileReference; lastKnownFileType = sourcecode.swift; path = ContentView.swift; sourceTree = "<group>"; };
		D6D902862AA729C400BE2BB0 /* Assets.xcassets */ = {isa = PBXFileReference; lastKnownFileType = folder.assetcatalog; path = Assets.xcassets; sourceTree = "<group>"; };
		D6D902892AA729C400BE2BB0 /* Preview Assets.xcassets */ = {isa = PBXFileReference; lastKnownFileType = folder.assetcatalog; path = "Preview Assets.xcassets"; sourceTree = "<group>"; };
		D6D9028F2AA729C400BE2BB0 /* SwiftUISelectionBoxTests.xctest */ = {isa = PBXFileReference; explicitFileType = wrapper.cfbundle; includeInIndex = 0; path = SwiftUISelectionBoxTests.xctest; sourceTree = BUILT_PRODUCTS_DIR; };
		D6D902932AA729C400BE2BB0 /* SwiftUISelectionBoxTests.swift */ = {isa = PBXFileReference; lastKnownFileType = sourcecode.swift; path = SwiftUISelectionBoxTests.swift; sourceTree = "<group>"; };
		D6D902992AA729C400BE2BB0 /* SwiftUISelectionBoxUITests.xctest */ = {isa = PBXFileReference; explicitFileType = wrapper.cfbundle; includeInIndex = 0; path = SwiftUISelectionBoxUITests.xctest; sourceTree = BUILT_PRODUCTS_DIR; };
		D6D9029D2AA729C400BE2BB0 /* SwiftUISelectionBoxUITests.swift */ = {isa = PBXFileReference; lastKnownFileType = sourcecode.swift; path = SwiftUISelectionBoxUITests.swift; sourceTree = "<group>"; };
		D6D9029F2AA729C400BE2BB0 /* SwiftUISelectionBoxUITestsLaunchTests.swift */ = {isa = PBXFileReference; lastKnownFileType = sourcecode.swift; path = SwiftUISelectionBoxUITestsLaunchTests.swift; sourceTree = "<group>"; };
/* End PBXFileReference section */

/* Begin PBXFrameworksBuildPhase section */
		D6D9027C2AA729C200BE2BB0 /* Frameworks */ = {
			isa = PBXFrameworksBuildPhase;
			buildActionMask = 2147483647;
			files = (
			);
			runOnlyForDeploymentPostprocessing = 0;
		};
		D6D9028C2AA729C400BE2BB0 /* Frameworks */ = {
			isa = PBXFrameworksBuildPhase;
			buildActionMask = 2147483647;
			files = (
			);
			runOnlyForDeploymentPostprocessing = 0;
		};
		D6D902962AA729C400BE2BB0 /* Frameworks */ = {
			isa = PBXFrameworksBuildPhase;
			buildActionMask = 2147483647;
			files = (
			);
			runOnlyForDeploymentPostprocessing = 0;
		};
/* End PBXFrameworksBuildPhase section */

/* Begin PBXGroup section */
		D6D902762AA729C200BE2BB0 = {
			isa = PBXGroup;
			children = (
				D6D902812AA729C200BE2BB0 /* SwiftUISelectionBox */,
				D6D902922AA729C400BE2BB0 /* SwiftUISelectionBoxTests */,
				D6D9029C2AA729C400BE2BB0 /* SwiftUISelectionBoxUITests */,
				D6D902802AA729C200BE2BB0 /* Products */,
			);
			sourceTree = "<group>";
		};
		D6D902802AA729C200BE2BB0 /* Products */ = {
			isa = PBXGroup;
			children = (
				D6D9027F2AA729C200BE2BB0 /* SwiftUISelectionBox.app */,
				D6D9028F2AA729C400BE2BB0 /* SwiftUISelectionBoxTests.xctest */,
				D6D902992AA729C400BE2BB0 /* SwiftUISelectionBoxUITests.xctest */,
			);
			name = Products;
			sourceTree = "<group>";
		};
		D6D902812AA729C200BE2BB0 /* SwiftUISelectionBox */ = {
			isa = PBXGroup;
			children = (
				D6D902822AA729C200BE2BB0 /* SwiftUISelectionBoxApp.swift */,
				D6D902842AA729C200BE2BB0 /* ContentView.swift */,
				D6D902862AA729C400BE2BB0 /* Assets.xcassets */,
				D6D902882AA729C400BE2BB0 /* Preview Content */,
				D6B163962AA92E4C00E47B88 /* LaunchScreen.storyboard */,
			);
			path = SwiftUISelectionBox;
			sourceTree = "<group>";
		};
		D6D902882AA729C400BE2BB0 /* Preview Content */ = {
			isa = PBXGroup;
			children = (
				D6D902892AA729C400BE2BB0 /* Preview Assets.xcassets */,
			);
			path = "Preview Content";
			sourceTree = "<group>";
		};
		D6D902922AA729C400BE2BB0 /* SwiftUISelectionBoxTests */ = {
			isa = PBXGroup;
			children = (
				D6D902932AA729C400BE2BB0 /* SwiftUISelectionBoxTests.swift */,
			);
			path = SwiftUISelectionBoxTests;
			sourceTree = "<group>";
		};
		D6D9029C2AA729C400BE2BB0 /* SwiftUISelectionBoxUITests */ = {
			isa = PBXGroup;
			children = (
				D6D9029D2AA729C400BE2BB0 /* SwiftUISelectionBoxUITests.swift */,
				D6D9029F2AA729C400BE2BB0 /* SwiftUISelectionBoxUITestsLaunchTests.swift */,
			);
			path = SwiftUISelectionBoxUITests;
			sourceTree = "<group>";
		};
/* End PBXGroup section */

/* Begin PBXNativeTarget section */
		D6D9027E2AA729C200BE2BB0 /* SwiftUISelectionBox */ = {
			isa = PBXNativeTarget;
			buildConfigurationList = D6D902A32AA729C400BE2BB0 /* Build configuration list for PBXNativeTarget "SwiftUISelectionBox" */;
			buildPhases = (
				D6D9027B2AA729C200BE2BB0 /* Sources */,
				D6D9027C2AA729C200BE2BB0 /* Frameworks */,
				D6D9027D2AA729C200BE2BB0 /* Resources */,
			);
			buildRules = (
			);
			dependencies = (
			);
			name = SwiftUISelectionBox;
			productName = SwiftUISelectionBox;
			productReference = D6D9027F2AA729C200BE2BB0 /* SwiftUISelectionBox.app */;
			productType = "com.apple.product-type.application";
		};
		D6D9028E2AA729C400BE2BB0 /* SwiftUISelectionBoxTests */ = {
			isa = PBXNativeTarget;
			buildConfigurationList = D6D902A62AA729C400BE2BB0 /* Build configuration list for PBXNativeTarget "SwiftUISelectionBoxTests" */;
			buildPhases = (
				D6D9028B2AA729C400BE2BB0 /* Sources */,
				D6D9028C2AA729C400BE2BB0 /* Frameworks */,
				D6D9028D2AA729C400BE2BB0 /* Resources */,
			);
			buildRules = (
			);
			dependencies = (
				D6D902912AA729C400BE2BB0 /* PBXTargetDependency */,
			);
			name = SwiftUISelectionBoxTests;
			productName = SwiftUISelectionBoxTests;
			productReference = D6D9028F2AA729C400BE2BB0 /* SwiftUISelectionBoxTests.xctest */;
			productType = "com.apple.product-type.bundle.unit-test";
		};
		D6D902982AA729C400BE2BB0 /* SwiftUISelectionBoxUITests */ = {
			isa = PBXNativeTarget;
			buildConfigurationList = D6D902A92AA729C400BE2BB0 /* Build configuration list for PBXNativeTarget "SwiftUISelectionBoxUITests" */;
			buildPhases = (
				D6D902952AA729C400BE2BB0 /* Sources */,
				D6D902962AA729C400BE2BB0 /* Frameworks */,
				D6D902972AA729C400BE2BB0 /* Resources */,
			);
			buildRules = (
			);
			dependencies = (
				D6D9029B2AA729C400BE2BB0 /* PBXTargetDependency */,
			);
			name = SwiftUISelectionBoxUITests;
			productName = SwiftUISelectionBoxUITests;
			productReference = D6D902992AA729C400BE2BB0 /* SwiftUISelectionBoxUITests.xctest */;
			productType = "com.apple.product-type.bundle.ui-testing";
		};
/* End PBXNativeTarget section */

/* Begin PBXProject section */
		D6D902772AA729C200BE2BB0 /* Project object */ = {
			isa = PBXProject;
			attributes = {
				BuildIndependentTargetsInParallel = 1;
				LastSwiftUpdateCheck = 1320;
				LastUpgradeCheck = 1320;
				TargetAttributes = {
					D6D9027E2AA729C200BE2BB0 = {
						CreatedOnToolsVersion = 13.2.1;
					};
					D6D9028E2AA729C400BE2BB0 = {
						CreatedOnToolsVersion = 13.2.1;
						TestTargetID = D6D9027E2AA729C200BE2BB0;
					};
					D6D902982AA729C400BE2BB0 = {
						CreatedOnToolsVersion = 13.2.1;
						TestTargetID = D6D9027E2AA729C200BE2BB0;
					};
				};
			};
			buildConfigurationList = D6D9027A2AA729C200BE2BB0 /* Build configuration list for PBXProject "SwiftUISelectionBox" */;
			compatibilityVersion = "Xcode 13.0";
			developmentRegion = en;
			hasScannedForEncodings = 0;
			knownRegions = (
				en,
				Base,
			);
			mainGroup = D6D902762AA729C200BE2BB0;
			productRefGroup = D6D902802AA729C200BE2BB0 /* Products */;
			projectDirPath = "";
			projectRoot = "";
			targets = (
				D6D9027E2AA729C200BE2BB0 /* SwiftUISelectionBox */,
				D6D9028E2AA729C400BE2BB0 /* SwiftUISelectionBoxTests */,
				D6D902982AA729C400BE2BB0 /* SwiftUISelectionBoxUITests */,
			);
		};
/* End PBXProject section */

/* Begin PBXResourcesBuildPhase section */
		D6D9027D2AA729C200BE2BB0 /* Resources */ = {
			isa = PBXResourcesBuildPhase;
			buildActionMask = 2147483647;
			files = (
				D6B163972AA92E4C00E47B88 /* LaunchScreen.storyboard in Resources */,
				D6D9028A2AA729C400BE2BB0 /* Preview Assets.xcassets in Resources */,
				D6D902872AA729C400BE2BB0 /* Assets.xcassets in Resources */,
			);
			runOnlyForDeploymentPostprocessing = 0;
		};
		D6D9028D2AA729C400BE2BB0 /* Resources */ = {
			isa = PBXResourcesBuildPhase;
			buildActionMask = 2147483647;
			files = (
			);
			runOnlyForDeploymentPostprocessing = 0;
		};
		D6D902972AA729C400BE2BB0 /* Resources */ = {
			isa = PBXResourcesBuildPhase;
			buildActionMask = 2147483647;
			files = (
			);
			runOnlyForDeploymentPostprocessing = 0;
		};
/* End PBXResourcesBuildPhase section */

/* Begin PBXSourcesBuildPhase section */
		D6D9027B2AA729C200BE2BB0 /* Sources */ = {
			isa = PBXSourcesBuildPhase;
			buildActionMask = 2147483647;
			files = (
				D6D902852AA729C200BE2BB0 /* ContentView.swift in Sources */,
				D6D902832AA729C200BE2BB0 /* SwiftUISelectionBoxApp.swift in Sources */,
			);
			runOnlyForDeploymentPostprocessing = 0;
		};
		D6D9028B2AA729C400BE2BB0 /* Sources */ = {
			isa = PBXSourcesBuildPhase;
			buildActionMask = 2147483647;
			files = (
				D6D902942AA729C400BE2BB0 /* SwiftUISelectionBoxTests.swift in Sources */,
			);
			runOnlyForDeploymentPostprocessing = 0;
		};
		D6D902952AA729C400BE2BB0 /* Sources */ = {
			isa = PBXSourcesBuildPhase;
			buildActionMask = 2147483647;
			files = (
				D6D9029E2AA729C400BE2BB0 /* SwiftUISelectionBoxUITests.swift in Sources */,
				D6D902A02AA729C400BE2BB0 /* SwiftUISelectionBoxUITestsLaunchTests.swift in Sources */,
			);
			runOnlyForDeploymentPostprocessing = 0;
		};
/* End PBXSourcesBuildPhase section */

/* Begin PBXTargetDependency section */
		D6D902912AA729C400BE2BB0 /* PBXTargetDependency */ = {
			isa = PBXTargetDependency;
			target = D6D9027E2AA729C200BE2BB0 /* SwiftUISelectionBox */;
			targetProxy = D6D902902AA729C400BE2BB0 /* PBXContainerItemProxy */;
		};
		D6D9029B2AA729C400BE2BB0 /* PBXTargetDependency */ = {
			isa = PBXTargetDependency;
			target = D6D9027E2AA729C200BE2BB0 /* SwiftUISelectionBox */;
			targetProxy = D6D9029A2AA729C400BE2BB0 /* PBXContainerItemProxy */;
		};
/* End PBXTargetDependency section */

/* Begin XCBuildConfiguration section */
		D6D902A12AA729C400BE2BB0 /* Debug */ = {
			isa = XCBuildConfiguration;
			buildSettings = {
				ALWAYS_SEARCH_USER_PATHS = NO;
				CLANG_ANALYZER_NONNULL = YES;
				CLANG_ANALYZER_NUMBER_OBJECT_CONVERSION = YES_AGGRESSIVE;
				CLANG_CXX_LANGUAGE_STANDARD = "gnu++17";
				CLANG_CXX_LIBRARY = "libc++";
				CLANG_ENABLE_MODULES = YES;
				CLANG_ENABLE_OBJC_ARC = YES;
				CLANG_ENABLE_OBJC_WEAK = YES;
				CLANG_WARN_BLOCK_CAPTURE_AUTORELEASING = YES;
				CLANG_WARN_BOOL_CONVERSION = YES;
				CLANG_WARN_COMMA = YES;
				CLANG_WARN_CONSTANT_CONVERSION = YES;
				CLANG_WARN_DEPRECATED_OBJC_IMPLEMENTATIONS = YES;
				CLANG_WARN_DIRECT_OBJC_ISA_USAGE = YES_ERROR;
				CLANG_WARN_DOCUMENTATION_COMMENTS = YES;
				CLANG_WARN_EMPTY_BODY = YES;
				CLANG_WARN_ENUM_CONVERSION = YES;
				CLANG_WARN_INFINITE_RECURSION = YES;
				CLANG_WARN_INT_CONVERSION = YES;
				CLANG_WARN_NON_LITERAL_NULL_CONVERSION = YES;
				CLANG_WARN_OBJC_IMPLICIT_RETAIN_SELF = YES;
				CLANG_WARN_OBJC_LITERAL_CONVERSION = YES;
				CLANG_WARN_OBJC_ROOT_CLASS = YES_ERROR;
				CLANG_WARN_QUOTED_INCLUDE_IN_FRAMEWORK_HEADER = YES;
				CLANG_WARN_RANGE_LOOP_ANALYSIS = YES;
				CLANG_WARN_STRICT_PROTOTYPES = YES;
				CLANG_WARN_SUSPICIOUS_MOVE = YES;
				CLANG_WARN_UNGUARDED_AVAILABILITY = YES_AGGRESSIVE;
				CLANG_WARN_UNREACHABLE_CODE = YES;
				CLANG_WARN__DUPLICATE_METHOD_MATCH = YES;
				COPY_PHASE_STRIP = NO;
				DEBUG_INFORMATION_FORMAT = dwarf;
				ENABLE_STRICT_OBJC_MSGSEND = YES;
				ENABLE_TESTABILITY = YES;
				GCC_C_LANGUAGE_STANDARD = gnu11;
				GCC_DYNAMIC_NO_PIC = NO;
				GCC_NO_COMMON_BLOCKS = YES;
				GCC_OPTIMIZATION_LEVEL = 0;
				GCC_PREPROCESSOR_DEFINITIONS = (
					"DEBUG=1",
					"$(inherited)",
				);
				GCC_WARN_64_TO_32_BIT_CONVERSION = YES;
				GCC_WARN_ABOUT_RETURN_TYPE = YES_ERROR;
				GCC_WARN_UNDECLARED_SELECTOR = YES;
				GCC_WARN_UNINITIALIZED_AUTOS = YES_AGGRESSIVE;
				GCC_WARN_UNUSED_FUNCTION = YES;
				GCC_WARN_UNUSED_VARIABLE = YES;
				IPHONEOS_DEPLOYMENT_TARGET = 15.2;
				MTL_ENABLE_DEBUG_INFO = INCLUDE_SOURCE;
				MTL_FAST_MATH = YES;
				ONLY_ACTIVE_ARCH = YES;
				SDKROOT = iphoneos;
				SWIFT_ACTIVE_COMPILATION_CONDITIONS = DEBUG;
				SWIFT_OPTIMIZATION_LEVEL = "-Onone";
			};
			name = Debug;
		};
		D6D902A22AA729C400BE2BB0 /* Release */ = {
			isa = XCBuildConfiguration;
			buildSettings = {
				ALWAYS_SEARCH_USER_PATHS = NO;
				CLANG_ANALYZER_NONNULL = YES;
				CLANG_ANALYZER_NUMBER_OBJECT_CONVERSION = YES_AGGRESSIVE;
				CLANG_CXX_LANGUAGE_STANDARD = "gnu++17";
				CLANG_CXX_LIBRARY = "libc++";
				CLANG_ENABLE_MODULES = YES;
				CLANG_ENABLE_OBJC_ARC = YES;
				CLANG_ENABLE_OBJC_WEAK = YES;
				CLANG_WARN_BLOCK_CAPTURE_AUTORELEASING = YES;
				CLANG_WARN_BOOL_CONVERSION = YES;
				CLANG_WARN_COMMA = YES;
				CLANG_WARN_CONSTANT_CONVERSION = YES;
				CLANG_WARN_DEPRECATED_OBJC_IMPLEMENTATIONS = YES;
				CLANG_WARN_DIRECT_OBJC_ISA_USAGE = YES_ERROR;
				CLANG_WARN_DOCUMENTATION_COMMENTS = YES;
				CLANG_WARN_EMPTY_BODY = YES;
				CLANG_WARN_ENUM_CONVERSION = YES;
				CLANG_WARN_INFINITE_RECURSION = YES;
				CLANG_WARN_INT_CONVERSION = YES;
				CLANG_WARN_NON_LITERAL_NULL_CONVERSION = YES;
				CLANG_WARN_OBJC_IMPLICIT_RETAIN_SELF = YES;
				CLANG_WARN_OBJC_LITERAL_CONVERSION = YES;
				CLANG_WARN_OBJC_ROOT_CLASS = YES_ERROR;
				CLANG_WARN_QUOTED_INCLUDE_IN_FRAMEWORK_HEADER = YES;
				CLANG_WARN_RANGE_LOOP_ANALYSIS = YES;
				CLANG_WARN_STRICT_PROTOTYPES = YES;
				CLANG_WARN_SUSPICIOUS_MOVE = YES;
				CLANG_WARN_UNGUARDED_AVAILABILITY = YES_AGGRESSIVE;
				CLANG_WARN_UNREACHABLE_CODE = YES;
				CLANG_WARN__DUPLICATE_METHOD_MATCH = YES;
				COPY_PHASE_STRIP = NO;
				DEBUG_INFORMATION_FORMAT = "dwarf-with-dsym";
				ENABLE_NS_ASSERTIONS = NO;
				ENABLE_STRICT_OBJC_MSGSEND = YES;
				GCC_C_LANGUAGE_STANDARD = gnu11;
				GCC_NO_COMMON_BLOCKS = YES;
				GCC_WARN_64_TO_32_BIT_CONVERSION = YES;
				GCC_WARN_ABOUT_RETURN_TYPE = YES_ERROR;
				GCC_WARN_UNDECLARED_SELECTOR = YES;
				GCC_WARN_UNINITIALIZED_AUTOS = YES_AGGRESSIVE;
				GCC_WARN_UNUSED_FUNCTION = YES;
				GCC_WARN_UNUSED_VARIABLE = YES;
				IPHONEOS_DEPLOYMENT_TARGET = 15.2;
				MTL_ENABLE_DEBUG_INFO = NO;
				MTL_FAST_MATH = YES;
				SDKROOT = iphoneos;
				SWIFT_COMPILATION_MODE = wholemodule;
				SWIFT_OPTIMIZATION_LEVEL = "-O";
				VALIDATE_PRODUCT = YES;
			};
			name = Release;
		};
		D6D902A42AA729C400BE2BB0 /* Debug */ = {
			isa = XCBuildConfiguration;
			buildSettings = {
				ASSETCATALOG_COMPILER_APPICON_NAME = AppIcon;
				ASSETCATALOG_COMPILER_GLOBAL_ACCENT_COLOR_NAME = AccentColor;
				CODE_SIGN_STYLE = Automatic;
				CURRENT_PROJECT_VERSION = 1;
				DEVELOPMENT_ASSET_PATHS = "\"SwiftUISelectionBox/Preview Content\"";
				DEVELOPMENT_TEAM = K6LJCT8RAA;
				ENABLE_PREVIEWS = YES;
				GENERATE_INFOPLIST_FILE = YES;
				INFOPLIST_KEY_UIApplicationSceneManifest_Generation = YES;
				INFOPLIST_KEY_UIApplicationSupportsIndirectInputEvents = YES;
				INFOPLIST_KEY_UILaunchScreen_Generation = YES;
				INFOPLIST_KEY_UILaunchStoryboardName = LaunchScreen;
				INFOPLIST_KEY_UISupportedInterfaceOrientations = "UIInterfaceOrientationPortrait UIInterfaceOrientationLandscapeLeft UIInterfaceOrientationLandscapeRight";
				INFOPLIST_KEY_UISupportedInterfaceOrientations_iPad = "UIInterfaceOrientationPortrait UIInterfaceOrientationPortraitUpsideDown UIInterfaceOrientationLandscapeLeft UIInterfaceOrientationLandscapeRight";
				INFOPLIST_KEY_UISupportedInterfaceOrientations_iPhone = "UIInterfaceOrientationPortrait UIInterfaceOrientationLandscapeLeft UIInterfaceOrientationLandscapeRight";
				LD_RUNPATH_SEARCH_PATHS = (
					"$(inherited)",
					"@executable_path/Frameworks",
				);
				MARKETING_VERSION = 1.0;
				PRODUCT_BUNDLE_IDENTIFIER = com.ios.SwiftUISelectionBox;
				PRODUCT_NAME = "$(TARGET_NAME)";
				SWIFT_EMIT_LOC_STRINGS = YES;
				SWIFT_VERSION = 5.0;
				TARGETED_DEVICE_FAMILY = "1,2";
			};
			name = Debug;
		};
		D6D902A52AA729C400BE2BB0 /* Release */ = {
			isa = XCBuildConfiguration;
			buildSettings = {
				ASSETCATALOG_COMPILER_APPICON_NAME = AppIcon;
				ASSETCATALOG_COMPILER_GLOBAL_ACCENT_COLOR_NAME = AccentColor;
				CODE_SIGN_STYLE = Automatic;
				CURRENT_PROJECT_VERSION = 1;
				DEVELOPMENT_ASSET_PATHS = "\"SwiftUISelectionBox/Preview Content\"";
				DEVELOPMENT_TEAM = K6LJCT8RAA;
				ENABLE_PREVIEWS = YES;
				GENERATE_INFOPLIST_FILE = YES;
				INFOPLIST_KEY_UIApplicationSceneManifest_Generation = YES;
				INFOPLIST_KEY_UIApplicationSupportsIndirectInputEvents = YES;
				INFOPLIST_KEY_UILaunchScreen_Generation = YES;
				INFOPLIST_KEY_UILaunchStoryboardName = LaunchScreen;
				INFOPLIST_KEY_UISupportedInterfaceOrientations = "UIInterfaceOrientationPortrait UIInterfaceOrientationLandscapeLeft UIInterfaceOrientationLandscapeRight";
				INFOPLIST_KEY_UISupportedInterfaceOrientations_iPad = "UIInterfaceOrientationPortrait UIInterfaceOrientationPortraitUpsideDown UIInterfaceOrientationLandscapeLeft UIInterfaceOrientationLandscapeRight";
				INFOPLIST_KEY_UISupportedInterfaceOrientations_iPhone = "UIInterfaceOrientationPortrait UIInterfaceOrientationLandscapeLeft UIInterfaceOrientationLandscapeRight";
				LD_RUNPATH_SEARCH_PATHS = (
					"$(inherited)",
					"@executable_path/Frameworks",
				);
				MARKETING_VERSION = 1.0;
				PRODUCT_BUNDLE_IDENTIFIER = com.ios.SwiftUISelectionBox;
				PRODUCT_NAME = "$(TARGET_NAME)";
				SWIFT_EMIT_LOC_STRINGS = YES;
				SWIFT_VERSION = 5.0;
				TARGETED_DEVICE_FAMILY = "1,2";
			};
			name = Release;
		};
		D6D902A72AA729C400BE2BB0 /* Debug */ = {
			isa = XCBuildConfiguration;
			buildSettings = {
				ALWAYS_EMBED_SWIFT_STANDARD_LIBRARIES = YES;
				BUNDLE_LOADER = "$(TEST_HOST)";
				CODE_SIGN_STYLE = Automatic;
				CURRENT_PROJECT_VERSION = 1;
				DEVELOPMENT_TEAM = K6LJCT8RAA;
				GENERATE_INFOPLIST_FILE = YES;
				IPHONEOS_DEPLOYMENT_TARGET = 15.2;
				MARKETING_VERSION = 1.0;
				PRODUCT_BUNDLE_IDENTIFIER = com.ios.SwiftUISelectionBoxTests;
				PRODUCT_NAME = "$(TARGET_NAME)";
				SWIFT_EMIT_LOC_STRINGS = NO;
				SWIFT_VERSION = 5.0;
				TARGETED_DEVICE_FAMILY = "1,2";
				TEST_HOST = "$(BUILT_PRODUCTS_DIR)/SwiftUISelectionBox.app/SwiftUISelectionBox";
			};
			name = Debug;
		};
		D6D902A82AA729C400BE2BB0 /* Release */ = {
			isa = XCBuildConfiguration;
			buildSettings = {
				ALWAYS_EMBED_SWIFT_STANDARD_LIBRARIES = YES;
				BUNDLE_LOADER = "$(TEST_HOST)";
				CODE_SIGN_STYLE = Automatic;
				CURRENT_PROJECT_VERSION = 1;
				DEVELOPMENT_TEAM = K6LJCT8RAA;
				GENERATE_INFOPLIST_FILE = YES;
				IPHONEOS_DEPLOYMENT_TARGET = 15.2;
				MARKETING_VERSION = 1.0;
				PRODUCT_BUNDLE_IDENTIFIER = com.ios.SwiftUISelectionBoxTests;
				PRODUCT_NAME = "$(TARGET_NAME)";
				SWIFT_EMIT_LOC_STRINGS = NO;
				SWIFT_VERSION = 5.0;
				TARGETED_DEVICE_FAMILY = "1,2";
				TEST_HOST = "$(BUILT_PRODUCTS_DIR)/SwiftUISelectionBox.app/SwiftUISelectionBox";
			};
			name = Release;
		};
		D6D902AA2AA729C400BE2BB0 /* Debug */ = {
			isa = XCBuildConfiguration;
			buildSettings = {
				ALWAYS_EMBED_SWIFT_STANDARD_LIBRARIES = YES;
				CODE_SIGN_STYLE = Automatic;
				CURRENT_PROJECT_VERSION = 1;
				DEVELOPMENT_TEAM = K6LJCT8RAA;
				GENERATE_INFOPLIST_FILE = YES;
				MARKETING_VERSION = 1.0;
				PRODUCT_BUNDLE_IDENTIFIER = com.ios.SwiftUISelectionBoxUITests;
				PRODUCT_NAME = "$(TARGET_NAME)";
				SWIFT_EMIT_LOC_STRINGS = NO;
				SWIFT_VERSION = 5.0;
				TARGETED_DEVICE_FAMILY = "1,2";
				TEST_TARGET_NAME = SwiftUISelectionBox;
			};
			name = Debug;
		};
		D6D902AB2AA729C400BE2BB0 /* Release */ = {
			isa = XCBuildConfiguration;
			buildSettings = {
				ALWAYS_EMBED_SWIFT_STANDARD_LIBRARIES = YES;
				CODE_SIGN_STYLE = Automatic;
				CURRENT_PROJECT_VERSION = 1;
				DEVELOPMENT_TEAM = K6LJCT8RAA;
				GENERATE_INFOPLIST_FILE = YES;
				MARKETING_VERSION = 1.0;
				PRODUCT_BUNDLE_IDENTIFIER = com.ios.SwiftUISelectionBoxUITests;
				PRODUCT_NAME = "$(TARGET_NAME)";
				SWIFT_EMIT_LOC_STRINGS = NO;
				SWIFT_VERSION = 5.0;
				TARGETED_DEVICE_FAMILY = "1,2";
				TEST_TARGET_NAME = SwiftUISelectionBox;
			};
			name = Release;
		};
/* End XCBuildConfiguration section */

/* Begin XCConfigurationList section */
		D6D9027A2AA729C200BE2BB0 /* Build configuration list for PBXProject "SwiftUISelectionBox" */ = {
			isa = XCConfigurationList;
			buildConfigurations = (
				D6D902A12AA729C400BE2BB0 /* Debug */,
				D6D902A22AA729C400BE2BB0 /* Release */,
			);
			defaultConfigurationIsVisible = 0;
			defaultConfigurationName = Release;
		};
		D6D902A32AA729C400BE2BB0 /* Build configuration list for PBXNativeTarget "SwiftUISelectionBox" */ = {
			isa = XCConfigurationList;
			buildConfigurations = (
				D6D902A42AA729C400BE2BB0 /* Debug */,
				D6D902A52AA729C400BE2BB0 /* Release */,
			);
			defaultConfigurationIsVisible = 0;
			defaultConfigurationName = Release;
		};
		D6D902A62AA729C400BE2BB0 /* Build configuration list for PBXNativeTarget "SwiftUISelectionBoxTests" */ = {
			isa = XCConfigurationList;
			buildConfigurations = (
				D6D902A72AA729C400BE2BB0 /* Debug */,
				D6D902A82AA729C400BE2BB0 /* Release */,
			);
			defaultConfigurationIsVisible = 0;
			defaultConfigurationName = Release;
		};
		D6D902A92AA729C400BE2BB0 /* Build configuration list for PBXNativeTarget "SwiftUISelectionBoxUITests" */ = {
			isa = XCConfigurationList;
			buildConfigurations = (
				D6D902AA2AA729C400BE2BB0 /* Debug */,
				D6D902AB2AA729C400BE2BB0 /* Release */,
			);
			defaultConfigurationIsVisible = 0;
			defaultConfigurationName = Release;
		};
/* End XCConfigurationList section */
	};
	rootObject = D6D902772AA729C200BE2BB0 /* Project object */;
}
